// !$*UTF8*$!
{
	archiveVersion = 1;
	classes = {
	};
	objectVersion = 50;
	objects = {

/* Begin PBXBuildFile section */
		6564163020B9264C00F63872 /* AppDelegate.swift in Sources */ = {isa = PBXBuildFile; fileRef = 6564162F20B9264C00F63872 /* AppDelegate.swift */; };
		6564163220B9264C00F63872 /* ViewController.swift in Sources */ = {isa = PBXBuildFile; fileRef = 6564163120B9264C00F63872 /* ViewController.swift */; };
		6564163520B9264C00F63872 /* Main.storyboard in Resources */ = {isa = PBXBuildFile; fileRef = 6564163320B9264C00F63872 /* Main.storyboard */; };
		6564163820B9264C00F63872 /* WeatherRecordsInHourly.xcdatamodeld in Sources */ = {isa = PBXBuildFile; fileRef = 6564163620B9264C00F63872 /* WeatherRecordsInHourly.xcdatamodeld */; };
		6564163A20B9264E00F63872 /* Assets.xcassets in Resources */ = {isa = PBXBuildFile; fileRef = 6564163920B9264E00F63872 /* Assets.xcassets */; };
		6564163D20B9264E00F63872 /* LaunchScreen.storyboard in Resources */ = {isa = PBXBuildFile; fileRef = 6564163B20B9264E00F63872 /* LaunchScreen.storyboard */; };
		6564164820B9264E00F63872 /* WeatherRecordsInHourlyTests.swift in Sources */ = {isa = PBXBuildFile; fileRef = 6564164720B9264E00F63872 /* WeatherRecordsInHourlyTests.swift */; };
		6564165320B9264F00F63872 /* WeatherRecordsInHourlyUITests.swift in Sources */ = {isa = PBXBuildFile; fileRef = 6564165220B9264F00F63872 /* WeatherRecordsInHourlyUITests.swift */; };
/* End PBXBuildFile section */

/* Begin PBXContainerItemProxy section */
		6564164420B9264E00F63872 /* PBXContainerItemProxy */ = {
			isa = PBXContainerItemProxy;
			containerPortal = 6564162420B9264C00F63872 /* Project object */;
			proxyType = 1;
			remoteGlobalIDString = 6564162B20B9264C00F63872;
			remoteInfo = WeatherRecordsInHourly;
		};
		6564164F20B9264F00F63872 /* PBXContainerItemProxy */ = {
			isa = PBXContainerItemProxy;
			containerPortal = 6564162420B9264C00F63872 /* Project object */;
			proxyType = 1;
			remoteGlobalIDString = 6564162B20B9264C00F63872;
			remoteInfo = WeatherRecordsInHourly;
		};
/* End PBXContainerItemProxy section */

/* Begin PBXFileReference section */
		6564162C20B9264C00F63872 /* WeatherRecordsInHourly.app */ = {isa = PBXFileReference; explicitFileType = wrapper.application; includeInIndex = 0; path = WeatherRecordsInHourly.app; sourceTree = BUILT_PRODUCTS_DIR; };
		6564162F20B9264C00F63872 /* AppDelegate.swift */ = {isa = PBXFileReference; lastKnownFileType = sourcecode.swift; path = AppDelegate.swift; sourceTree = "<group>"; };
		6564163120B9264C00F63872 /* ViewController.swift */ = {isa = PBXFileReference; lastKnownFileType = sourcecode.swift; path = ViewController.swift; sourceTree = "<group>"; };
		6564163420B9264C00F63872 /* Base */ = {isa = PBXFileReference; lastKnownFileType = file.storyboard; name = Base; path = Base.lproj/Main.storyboard; sourceTree = "<group>"; };
		6564163720B9264C00F63872 /* WeatherRecordsInHourly.xcdatamodel */ = {isa = PBXFileReference; lastKnownFileType = wrapper.xcdatamodel; path = WeatherRecordsInHourly.xcdatamodel; sourceTree = "<group>"; };
		6564163920B9264E00F63872 /* Assets.xcassets */ = {isa = PBXFileReference; lastKnownFileType = folder.assetcatalog; path = Assets.xcassets; sourceTree = "<group>"; };
		6564163C20B9264E00F63872 /* Base */ = {isa = PBXFileReference; lastKnownFileType = file.storyboard; name = Base; path = Base.lproj/LaunchScreen.storyboard; sourceTree = "<group>"; };
		6564163E20B9264E00F63872 /* Info.plist */ = {isa = PBXFileReference; lastKnownFileType = text.plist.xml; path = Info.plist; sourceTree = "<group>"; };
		6564164320B9264E00F63872 /* WeatherRecordsInHourlyTests.xctest */ = {isa = PBXFileReference; explicitFileType = wrapper.cfbundle; includeInIndex = 0; path = WeatherRecordsInHourlyTests.xctest; sourceTree = BUILT_PRODUCTS_DIR; };
		6564164720B9264E00F63872 /* WeatherRecordsInHourlyTests.swift */ = {isa = PBXFileReference; lastKnownFileType = sourcecode.swift; path = WeatherRecordsInHourlyTests.swift; sourceTree = "<group>"; };
		6564164920B9264E00F63872 /* Info.plist */ = {isa = PBXFileReference; lastKnownFileType = text.plist.xml; path = Info.plist; sourceTree = "<group>"; };
		6564164E20B9264F00F63872 /* WeatherRecordsInHourlyUITests.xctest */ = {isa = PBXFileReference; explicitFileType = wrapper.cfbundle; includeInIndex = 0; path = WeatherRecordsInHourlyUITests.xctest; sourceTree = BUILT_PRODUCTS_DIR; };
		6564165220B9264F00F63872 /* WeatherRecordsInHourlyUITests.swift */ = {isa = PBXFileReference; lastKnownFileType = sourcecode.swift; path = WeatherRecordsInHourlyUITests.swift; sourceTree = "<group>"; };
		6564165420B9264F00F63872 /* Info.plist */ = {isa = PBXFileReference; lastKnownFileType = text.plist.xml; path = Info.plist; sourceTree = "<group>"; };
/* End PBXFileReference section */

/* Begin PBXFrameworksBuildPhase section */
		6564162920B9264C00F63872 /* Frameworks */ = {
			isa = PBXFrameworksBuildPhase;
			buildActionMask = 2147483647;
			files = (
			);
			runOnlyForDeploymentPostprocessing = 0;
		};
		6564164020B9264E00F63872 /* Frameworks */ = {
			isa = PBXFrameworksBuildPhase;
			buildActionMask = 2147483647;
			files = (
			);
			runOnlyForDeploymentPostprocessing = 0;
		};
		6564164B20B9264F00F63872 /* Frameworks */ = {
			isa = PBXFrameworksBuildPhase;
			buildActionMask = 2147483647;
			files = (
			);
			runOnlyForDeploymentPostprocessing = 0;
		};
/* End PBXFrameworksBuildPhase section */

/* Begin PBXGroup section */
		6564162320B9264C00F63872 = {
			isa = PBXGroup;
			children = (
				6564162E20B9264C00F63872 /* WeatherRecordsInHourly */,
				6564164620B9264E00F63872 /* WeatherRecordsInHourlyTests */,
				6564165120B9264F00F63872 /* WeatherRecordsInHourlyUITests */,
				6564162D20B9264C00F63872 /* Products */,
			);
			sourceTree = "<group>";
		};
		6564162D20B9264C00F63872 /* Products */ = {
			isa = PBXGroup;
			children = (
				6564162C20B9264C00F63872 /* WeatherRecordsInHourly.app */,
				6564164320B9264E00F63872 /* WeatherRecordsInHourlyTests.xctest */,
				6564164E20B9264F00F63872 /* WeatherRecordsInHourlyUITests.xctest */,
			);
			name = Products;
			sourceTree = "<group>";
		};
		6564162E20B9264C00F63872 /* WeatherRecordsInHourly */ = {
			isa = PBXGroup;
			children = (
				6564162F20B9264C00F63872 /* AppDelegate.swift */,
				6564163120B9264C00F63872 /* ViewController.swift */,
				6564163320B9264C00F63872 /* Main.storyboard */,
				6564163920B9264E00F63872 /* Assets.xcassets */,
				6564163B20B9264E00F63872 /* LaunchScreen.storyboard */,
				6564163E20B9264E00F63872 /* Info.plist */,
				6564163620B9264C00F63872 /* WeatherRecordsInHourly.xcdatamodeld */,
			);
			path = WeatherRecordsInHourly;
			sourceTree = "<group>";
		};
		6564164620B9264E00F63872 /* WeatherRecordsInHourlyTests */ = {
			isa = PBXGroup;
			children = (
				6564164720B9264E00F63872 /* WeatherRecordsInHourlyTests.swift */,
				6564164920B9264E00F63872 /* Info.plist */,
			);
			path = WeatherRecordsInHourlyTests;
			sourceTree = "<group>";
		};
		6564165120B9264F00F63872 /* WeatherRecordsInHourlyUITests */ = {
			isa = PBXGroup;
			children = (
				6564165220B9264F00F63872 /* WeatherRecordsInHourlyUITests.swift */,
				6564165420B9264F00F63872 /* Info.plist */,
			);
			path = WeatherRecordsInHourlyUITests;
			sourceTree = "<group>";
		};
/* End PBXGroup section */

/* Begin PBXNativeTarget section */
		6564162B20B9264C00F63872 /* WeatherRecordsInHourly */ = {
			isa = PBXNativeTarget;
			buildConfigurationList = 6564165720B9264F00F63872 /* Build configuration list for PBXNativeTarget "WeatherRecordsInHourly" */;
			buildPhases = (
				6564162820B9264C00F63872 /* Sources */,
				6564162920B9264C00F63872 /* Frameworks */,
				6564162A20B9264C00F63872 /* Resources */,
			);
			buildRules = (
			);
			dependencies = (
			);
			name = WeatherRecordsInHourly;
			productName = WeatherRecordsInHourly;
			productReference = 6564162C20B9264C00F63872 /* WeatherRecordsInHourly.app */;
			productType = "com.apple.product-type.application";
		};
		6564164220B9264E00F63872 /* WeatherRecordsInHourlyTests */ = {
			isa = PBXNativeTarget;
			buildConfigurationList = 6564165A20B9264F00F63872 /* Build configuration list for PBXNativeTarget "WeatherRecordsInHourlyTests" */;
			buildPhases = (
				6564163F20B9264E00F63872 /* Sources */,
				6564164020B9264E00F63872 /* Frameworks */,
				6564164120B9264E00F63872 /* Resources */,
			);
			buildRules = (
			);
			dependencies = (
				6564164520B9264E00F63872 /* PBXTargetDependency */,
			);
			name = WeatherRecordsInHourlyTests;
			productName = WeatherRecordsInHourlyTests;
			productReference = 6564164320B9264E00F63872 /* WeatherRecordsInHourlyTests.xctest */;
			productType = "com.apple.product-type.bundle.unit-test";
		};
		6564164D20B9264F00F63872 /* WeatherRecordsInHourlyUITests */ = {
			isa = PBXNativeTarget;
			buildConfigurationList = 6564165D20B9264F00F63872 /* Build configuration list for PBXNativeTarget "WeatherRecordsInHourlyUITests" */;
			buildPhases = (
				6564164A20B9264F00F63872 /* Sources */,
				6564164B20B9264F00F63872 /* Frameworks */,
				6564164C20B9264F00F63872 /* Resources */,
			);
			buildRules = (
			);
			dependencies = (
				6564165020B9264F00F63872 /* PBXTargetDependency */,
			);
			name = WeatherRecordsInHourlyUITests;
			productName = WeatherRecordsInHourlyUITests;
			productReference = 6564164E20B9264F00F63872 /* WeatherRecordsInHourlyUITests.xctest */;
			productType = "com.apple.product-type.bundle.ui-testing";
		};
/* End PBXNativeTarget section */

/* Begin PBXProject section */
		6564162420B9264C00F63872 /* Project object */ = {
			isa = PBXProject;
			attributes = {
				LastSwiftUpdateCheck = 0930;
				LastUpgradeCheck = 0930;
				ORGANIZATIONNAME = Piraba;
				TargetAttributes = {
					6564162B20B9264C00F63872 = {
						CreatedOnToolsVersion = 9.3.1;
					};
					6564164220B9264E00F63872 = {
						CreatedOnToolsVersion = 9.3.1;
						TestTargetID = 6564162B20B9264C00F63872;
					};
					6564164D20B9264F00F63872 = {
						CreatedOnToolsVersion = 9.3.1;
						TestTargetID = 6564162B20B9264C00F63872;
					};
				};
			};
			buildConfigurationList = 6564162720B9264C00F63872 /* Build configuration list for PBXProject "WeatherRecordsInHourly" */;
			compatibilityVersion = "Xcode 9.3";
			developmentRegion = en;
			hasScannedForEncodings = 0;
			knownRegions = (
				en,
				Base,
			);
			mainGroup = 6564162320B9264C00F63872;
			productRefGroup = 6564162D20B9264C00F63872 /* Products */;
			projectDirPath = "";
			projectRoot = "";
			targets = (
				6564162B20B9264C00F63872 /* WeatherRecordsInHourly */,
				6564164220B9264E00F63872 /* WeatherRecordsInHourlyTests */,
				6564164D20B9264F00F63872 /* WeatherRecordsInHourlyUITests */,
			);
		};
/* End PBXProject section */

/* Begin PBXResourcesBuildPhase section */
		6564162A20B9264C00F63872 /* Resources */ = {
			isa = PBXResourcesBuildPhase;
			buildActionMask = 2147483647;
			files = (
				6564163D20B9264E00F63872 /* LaunchScreen.storyboard in Resources */,
				6564163A20B9264E00F63872 /* Assets.xcassets in Resources */,
				6564163520B9264C00F63872 /* Main.storyboard in Resources */,
			);
			runOnlyForDeploymentPostprocessing = 0;
		};
		6564164120B9264E00F63872 /* Resources */ = {
			isa = PBXResourcesBuildPhase;
			buildActionMask = 2147483647;
			files = (
			);
			runOnlyForDeploymentPostprocessing = 0;
		};
		6564164C20B9264F00F63872 /* Resources */ = {
			isa = PBXResourcesBuildPhase;
			buildActionMask = 2147483647;
			files = (
			);
			runOnlyForDeploymentPostprocessing = 0;
		};
/* End PBXResourcesBuildPhase section */

/* Begin PBXSourcesBuildPhase section */
		6564162820B9264C00F63872 /* Sources */ = {
			isa = PBXSourcesBuildPhase;
			buildActionMask = 2147483647;
			files = (
				6564163220B9264C00F63872 /* ViewController.swift in Sources */,
				6564163020B9264C00F63872 /* AppDelegate.swift in Sources */,
				6564163820B9264C00F63872 /* WeatherRecordsInHourly.xcdatamodeld in Sources */,
			);
			runOnlyForDeploymentPostprocessing = 0;
		};
		6564163F20B9264E00F63872 /* Sources */ = {
			isa = PBXSourcesBuildPhase;
			buildActionMask = 2147483647;
			files = (
				6564164820B9264E00F63872 /* WeatherRecordsInHourlyTests.swift in Sources */,
			);
			runOnlyForDeploymentPostprocessing = 0;
		};
		6564164A20B9264F00F63872 /* Sources */ = {
			isa = PBXSourcesBuildPhase;
			buildActionMask = 2147483647;
			files = (
				6564165320B9264F00F63872 /* WeatherRecordsInHourlyUITests.swift in Sources */,
			);
			runOnlyForDeploymentPostprocessing = 0;
		};
/* End PBXSourcesBuildPhase section */

/* Begin PBXTargetDependency section */
		6564164520B9264E00F63872 /* PBXTargetDependency */ = {
			isa = PBXTargetDependency;
			target = 6564162B20B9264C00F63872 /* WeatherRecordsInHourly */;
			targetProxy = 6564164420B9264E00F63872 /* PBXContainerItemProxy */;
		};
		6564165020B9264F00F63872 /* PBXTargetDependency */ = {
			isa = PBXTargetDependency;
			target = 6564162B20B9264C00F63872 /* WeatherRecordsInHourly */;
			targetProxy = 6564164F20B9264F00F63872 /* PBXContainerItemProxy */;
		};
/* End PBXTargetDependency section */

/* Begin PBXVariantGroup section */
		6564163320B9264C00F63872 /* Main.storyboard */ = {
			isa = PBXVariantGroup;
			children = (
				6564163420B9264C00F63872 /* Base */,
			);
			name = Main.storyboard;
			sourceTree = "<group>";
		};
		6564163B20B9264E00F63872 /* LaunchScreen.storyboard */ = {
			isa = PBXVariantGroup;
			children = (
				6564163C20B9264E00F63872 /* Base */,
			);
			name = LaunchScreen.storyboard;
			sourceTree = "<group>";
		};
/* End PBXVariantGroup section */

/* Begin XCBuildConfiguration section */
		6564165520B9264F00F63872 /* Debug */ = {
			isa = XCBuildConfiguration;
			buildSettings = {
				ALWAYS_SEARCH_USER_PATHS = NO;
				CLANG_ANALYZER_NONNULL = YES;
				CLANG_ANALYZER_NUMBER_OBJECT_CONVERSION = YES_AGGRESSIVE;
				CLANG_CXX_LANGUAGE_STANDARD = "gnu++14";
				CLANG_CXX_LIBRARY = "libc++";
				CLANG_ENABLE_MODULES = YES;
				CLANG_ENABLE_OBJC_ARC = YES;
				CLANG_ENABLE_OBJC_WEAK = YES;
				CLANG_WARN_BLOCK_CAPTURE_AUTORELEASING = YES;
				CLANG_WARN_BOOL_CONVERSION = YES;
				CLANG_WARN_COMMA = YES;
				CLANG_WARN_CONSTANT_CONVERSION = YES;
				CLANG_WARN_DEPRECATED_OBJC_IMPLEMENTATIONS = YES;
				CLANG_WARN_DIRECT_OBJC_ISA_USAGE = YES_ERROR;
				CLANG_WARN_DOCUMENTATION_COMMENTS = YES;
				CLANG_WARN_EMPTY_BODY = YES;
				CLANG_WARN_ENUM_CONVERSION = YES;
				CLANG_WARN_INFINITE_RECURSION = YES;
				CLANG_WARN_INT_CONVERSION = YES;
				CLANG_WARN_NON_LITERAL_NULL_CONVERSION = YES;
				CLANG_WARN_OBJC_IMPLICIT_RETAIN_SELF = YES;
				CLANG_WARN_OBJC_LITERAL_CONVERSION = YES;
				CLANG_WARN_OBJC_ROOT_CLASS = YES_ERROR;
				CLANG_WARN_RANGE_LOOP_ANALYSIS = YES;
				CLANG_WARN_STRICT_PROTOTYPES = YES;
				CLANG_WARN_SUSPICIOUS_MOVE = YES;
				CLANG_WARN_UNGUARDED_AVAILABILITY = YES_AGGRESSIVE;
				CLANG_WARN_UNREACHABLE_CODE = YES;
				CLANG_WARN__DUPLICATE_METHOD_MATCH = YES;
				CODE_SIGN_IDENTITY = "iPhone Developer";
				COPY_PHASE_STRIP = NO;
				DEBUG_INFORMATION_FORMAT = dwarf;
				ENABLE_STRICT_OBJC_MSGSEND = YES;
				ENABLE_TESTABILITY = YES;
				GCC_C_LANGUAGE_STANDARD = gnu11;
				GCC_DYNAMIC_NO_PIC = NO;
				GCC_NO_COMMON_BLOCKS = YES;
				GCC_OPTIMIZATION_LEVEL = 0;
				GCC_PREPROCESSOR_DEFINITIONS = (
					"DEBUG=1",
					"$(inherited)",
				);
				GCC_WARN_64_TO_32_BIT_CONVERSION = YES;
				GCC_WARN_ABOUT_RETURN_TYPE = YES_ERROR;
				GCC_WARN_UNDECLARED_SELECTOR = YES;
				GCC_WARN_UNINITIALIZED_AUTOS = YES_AGGRESSIVE;
				GCC_WARN_UNUSED_FUNCTION = YES;
				GCC_WARN_UNUSED_VARIABLE = YES;
				IPHONEOS_DEPLOYMENT_TARGET = 11.3;
				MTL_ENABLE_DEBUG_INFO = YES;
				ONLY_ACTIVE_ARCH = YES;
				SDKROOT = iphoneos;
				SWIFT_ACTIVE_COMPILATION_CONDITIONS = DEBUG;
				SWIFT_OPTIMIZATION_LEVEL = "-Onone";
			};
			name = Debug;
		};
		6564165620B9264F00F63872 /* Release */ = {
			isa = XCBuildConfiguration;
			buildSettings = {
				ALWAYS_SEARCH_USER_PATHS = NO;
				CLANG_ANALYZER_NONNULL = YES;
				CLANG_ANALYZER_NUMBER_OBJECT_CONVERSION = YES_AGGRESSIVE;
				CLANG_CXX_LANGUAGE_STANDARD = "gnu++14";
				CLANG_CXX_LIBRARY = "libc++";
				CLANG_ENABLE_MODULES = YES;
				CLANG_ENABLE_OBJC_ARC = YES;
				CLANG_ENABLE_OBJC_WEAK = YES;
				CLANG_WARN_BLOCK_CAPTURE_AUTORELEASING = YES;
				CLANG_WARN_BOOL_CONVERSION = YES;
				CLANG_WARN_COMMA = YES;
				CLANG_WARN_CONSTANT_CONVERSION = YES;
				CLANG_WARN_DEPRECATED_OBJC_IMPLEMENTATIONS = YES;
				CLANG_WARN_DIRECT_OBJC_ISA_USAGE = YES_ERROR;
				CLANG_WARN_DOCUMENTATION_COMMENTS = YES;
				CLANG_WARN_EMPTY_BODY = YES;
				CLANG_WARN_ENUM_CONVERSION = YES;
				CLANG_WARN_INFINITE_RECURSION = YES;
				CLANG_WARN_INT_CONVERSION = YES;
				CLANG_WARN_NON_LITERAL_NULL_CONVERSION = YES;
				CLANG_WARN_OBJC_IMPLICIT_RETAIN_SELF = YES;
				CLANG_WARN_OBJC_LITERAL_CONVERSION = YES;
				CLANG_WARN_OBJC_ROOT_CLASS = YES_ERROR;
				CLANG_WARN_RANGE_LOOP_ANALYSIS = YES;
				CLANG_WARN_STRICT_PROTOTYPES = YES;
				CLANG_WARN_SUSPICIOUS_MOVE = YES;
				CLANG_WARN_UNGUARDED_AVAILABILITY = YES_AGGRESSIVE;
				CLANG_WARN_UNREACHABLE_CODE = YES;
				CLANG_WARN__DUPLICATE_METHOD_MATCH = YES;
				CODE_SIGN_IDENTITY = "iPhone Developer";
				COPY_PHASE_STRIP = NO;
				DEBUG_INFORMATION_FORMAT = "dwarf-with-dsym";
				ENABLE_NS_ASSERTIONS = NO;
				ENABLE_STRICT_OBJC_MSGSEND = YES;
				GCC_C_LANGUAGE_STANDARD = gnu11;
				GCC_NO_COMMON_BLOCKS = YES;
				GCC_WARN_64_TO_32_BIT_CONVERSION = YES;
				GCC_WARN_ABOUT_RETURN_TYPE = YES_ERROR;
				GCC_WARN_UNDECLARED_SELECTOR = YES;
				GCC_WARN_UNINITIALIZED_AUTOS = YES_AGGRESSIVE;
				GCC_WARN_UNUSED_FUNCTION = YES;
				GCC_WARN_UNUSED_VARIABLE = YES;
				IPHONEOS_DEPLOYMENT_TARGET = 11.3;
				MTL_ENABLE_DEBUG_INFO = NO;
				SDKROOT = iphoneos;
				SWIFT_COMPILATION_MODE = wholemodule;
				SWIFT_OPTIMIZATION_LEVEL = "-O";
				VALIDATE_PRODUCT = YES;
			};
			name = Release;
		};
		6564165820B9264F00F63872 /* Debug */ = {
			isa = XCBuildConfiguration;
			buildSettings = {
				ASSETCATALOG_COMPILER_APPICON_NAME = AppIcon;
				CODE_SIGN_STYLE = Automatic;
				DEVELOPMENT_TEAM = WD9YZ6QL58;
				INFOPLIST_FILE = WeatherRecordsInHourly/Info.plist;
				LD_RUNPATH_SEARCH_PATHS = (
					"$(inherited)",
					"@executable_path/Frameworks",
				);
				PRODUCT_BUNDLE_IDENTIFIER = com.weather.CXA.WeatherRecordsInHourly;
				PRODUCT_NAME = "$(TARGET_NAME)";
				SWIFT_VERSION = 4.0;
				TARGETED_DEVICE_FAMILY = "1,2";
			};
			name = Debug;
		};
		6564165920B9264F00F63872 /* Release */ = {
			isa = XCBuildConfiguration;
			buildSettings = {
				ASSETCATALOG_COMPILER_APPICON_NAME = AppIcon;
				CODE_SIGN_STYLE = Automatic;
				DEVELOPMENT_TEAM = WD9YZ6QL58;
				INFOPLIST_FILE = WeatherRecordsInHourly/Info.plist;
				LD_RUNPATH_SEARCH_PATHS = (
					"$(inherited)",
					"@executable_path/Frameworks",
				);
				PRODUCT_BUNDLE_IDENTIFIER = com.weather.CXA.WeatherRecordsInHourly;
				PRODUCT_NAME = "$(TARGET_NAME)";
				SWIFT_VERSION = 4.0;
				TARGETED_DEVICE_FAMILY = "1,2";
			};
			name = Release;
		};
		6564165B20B9264F00F63872 /* Debug */ = {
			isa = XCBuildConfiguration;
			buildSettings = {
				ALWAYS_EMBED_SWIFT_STANDARD_LIBRARIES = YES;
				BUNDLE_LOADER = "$(TEST_HOST)";
				CODE_SIGN_STYLE = Automatic;
				DEVELOPMENT_TEAM = WD9YZ6QL58;
				INFOPLIST_FILE = WeatherRecordsInHourlyTests/Info.plist;
				LD_RUNPATH_SEARCH_PATHS = (
					"$(inherited)",
					"@executable_path/Frameworks",
					"@loader_path/Frameworks",
				);
				PRODUCT_BUNDLE_IDENTIFIER = com.weather.CXA.WeatherRecordsInHourlyTests;
				PRODUCT_NAME = "$(TARGET_NAME)";
				SWIFT_VERSION = 4.0;
				TARGETED_DEVICE_FAMILY = "1,2";
				TEST_HOST = "$(BUILT_PRODUCTS_DIR)/WeatherRecordsInHourly.app/WeatherRecordsInHourly";
			};
			name = Debug;
		};
		6564165C20B9264F00F63872 /* Release */ = {
			isa = XCBuildConfiguration;
			buildSettings = {
				ALWAYS_EMBED_SWIFT_STANDARD_LIBRARIES = YES;
				BUNDLE_LOADER = "$(TEST_HOST)";
				CODE_SIGN_STYLE = Automatic;
				DEVELOPMENT_TEAM = WD9YZ6QL58;
				INFOPLIST_FILE = WeatherRecordsInHourlyTests/Info.plist;
				LD_RUNPATH_SEARCH_PATHS = (
					"$(inherited)",
					"@executable_path/Frameworks",
					"@loader_path/Frameworks",
				);
				PRODUCT_BUNDLE_IDENTIFIER = com.weather.CXA.WeatherRecordsInHourlyTests;
				PRODUCT_NAME = "$(TARGET_NAME)";
				SWIFT_VERSION = 4.0;
				TARGETED_DEVICE_FAMILY = "1,2";
				TEST_HOST = "$(BUILT_PRODUCTS_DIR)/WeatherRecordsInHourly.app/WeatherRecordsInHourly";
			};
			name = Release;
		};
		6564165E20B9264F00F63872 /* Debug */ = {
			isa = XCBuildConfiguration;
			buildSettings = {
				ALWAYS_EMBED_SWIFT_STANDARD_LIBRARIES = YES;
				CODE_SIGN_STYLE = Automatic;
				DEVELOPMENT_TEAM = WD9YZ6QL58;
				INFOPLIST_FILE = WeatherRecordsInHourlyUITests/Info.plist;
				LD_RUNPATH_SEARCH_PATHS = (
					"$(inherited)",
					"@executable_path/Frameworks",
					"@loader_path/Frameworks",
				);
				PRODUCT_BUNDLE_IDENTIFIER = com.weather.CXA.WeatherRecordsInHourlyUITests;
				PRODUCT_NAME = "$(TARGET_NAME)";
				SWIFT_VERSION = 4.0;
				TARGETED_DEVICE_FAMILY = "1,2";
				TEST_TARGET_NAME = WeatherRecordsInHourly;
			};
			name = Debug;
		};
		6564165F20B9264F00F63872 /* Release */ = {
			isa = XCBuildConfiguration;
			buildSettings = {
				ALWAYS_EMBED_SWIFT_STANDARD_LIBRARIES = YES;
				CODE_SIGN_STYLE = Automatic;
				DEVELOPMENT_TEAM = WD9YZ6QL58;
				INFOPLIST_FILE = WeatherRecordsInHourlyUITests/Info.plist;
				LD_RUNPATH_SEARCH_PATHS = (
					"$(inherited)",
					"@executable_path/Frameworks",
					"@loader_path/Frameworks",
				);
				PRODUCT_BUNDLE_IDENTIFIER = com.weather.CXA.WeatherRecordsInHourlyUITests;
				PRODUCT_NAME = "$(TARGET_NAME)";
				SWIFT_VERSION = 4.0;
				TARGETED_DEVICE_FAMILY = "1,2";
				TEST_TARGET_NAME = WeatherRecordsInHourly;
			};
			name = Release;
		};
/* End XCBuildConfiguration section */

/* Begin XCConfigurationList section */
		6564162720B9264C00F63872 /* Build configuration list for PBXProject "WeatherRecordsInHourly" */ = {
			isa = XCConfigurationList;
			buildConfigurations = (
				6564165520B9264F00F63872 /* Debug */,
				6564165620B9264F00F63872 /* Release */,
			);
			defaultConfigurationIsVisible = 0;
			defaultConfigurationName = Release;
		};
		6564165720B9264F00F63872 /* Build configuration list for PBXNativeTarget "WeatherRecordsInHourly" */ = {
			isa = XCConfigurationList;
			buildConfigurations = (
				6564165820B9264F00F63872 /* Debug */,
				6564165920B9264F00F63872 /* Release */,
			);
			defaultConfigurationIsVisible = 0;
			defaultConfigurationName = Release;
		};
		6564165A20B9264F00F63872 /* Build configuration list for PBXNativeTarget "WeatherRecordsInHourlyTests" */ = {
			isa = XCConfigurationList;
			buildConfigurations = (
				6564165B20B9264F00F63872 /* Debug */,
				6564165C20B9264F00F63872 /* Release */,
			);
			defaultConfigurationIsVisible = 0;
			defaultConfigurationName = Release;
		};
		6564165D20B9264F00F63872 /* Build configuration list for PBXNativeTarget "WeatherRecordsInHourlyUITests" */ = {
			isa = XCConfigurationList;
			buildConfigurations = (
				6564165E20B9264F00F63872 /* Debug */,
				6564165F20B9264F00F63872 /* Release */,
			);
			defaultConfigurationIsVisible = 0;
			defaultConfigurationName = Release;
		};
/* End XCConfigurationList section */

/* Begin XCVersionGroup section */
		6564163620B9264C00F63872 /* WeatherRecordsInHourly.xcdatamodeld */ = {
			isa = XCVersionGroup;
			children = (
				6564163720B9264C00F63872 /* WeatherRecordsInHourly.xcdatamodel */,
			);
			currentVersion = 6564163720B9264C00F63872 /* WeatherRecordsInHourly.xcdatamodel */;
			path = WeatherRecordsInHourly.xcdatamodeld;
			sourceTree = "<group>";
			versionGroupType = wrapper.xcdatamodel;
		};
/* End XCVersionGroup section */
	};
	rootObject = 6564162420B9264C00F63872 /* Project object */;
}
